PODS:
  - Branch (1.40.2)
  - Capacitor (3.3.2):
    - CapacitorCordova
  - CapacitorCordova (3.3.2)

DEPENDENCIES:
  - Branch (~> 1.40.2)
  - "Capacitor (from `../node_modules/@capacitor/ios`)"
  - "CapacitorCordova (from `../node_modules/@capacitor/ios`)"

SPEC REPOS:
  trunk:
    - Branch

EXTERNAL SOURCES:
  Capacitor:
    :path: "../node_modules/@capacitor/ios"
  CapacitorCordova:
    :path: "../node_modules/@capacitor/ios"

SPEC CHECKSUMS:
  Branch: c1b244bf1170b0ea5c5eefa897648de8d14ff0d2
  Capacitor: b8a7b81d33f3b7dcf934e2efc833feb6a1a8495f
  CapacitorCordova: a971c79c2186c6291c839c855ef2c31d0ca26ede

PODFILE CHECKSUM: add9fb4486a0f899150a0e6f13225182367c939b

COCOAPODS: 1.11.2
