PODS:
  - BranchSDK (3.6.5)
  - Capacitor (6.0.0):
    - CapacitorCordova
  - CapacitorCordova (6.0.0)

DEPENDENCIES:
  - BranchSDK (~> 3.6.5)
  - "Capacitor (from `../node_modules/@capacitor/ios`)"
  - "CapacitorCordova (from `../node_modules/@capacitor/ios`)"

SPEC REPOS:
  trunk:
    - BranchSDK

EXTERNAL SOURCES:
  Capacitor:
    :path: "../node_modules/@capacitor/ios"
  CapacitorCordova:
    :path: "../node_modules/@capacitor/ios"

SPEC CHECKSUMS:
  BranchSDK: ef7d89062afb08b20f65d5b1633b215ee77ab77f
  Capacitor: 559d073c4ca6c27f8e7002c807eea94c3ba435a9
  CapacitorCordova: 8c4bfdf69368512e85b1d8b724dd7546abeb30af

PODFILE CHECKSUM: eacb5a70bea671c5a765cb96750ba8653a52d16b

COCOAPODS: 1.15.2
