PODS:
  - BranchSDK (3.4.3)
  - Capacitor (6.0.0):
    - CapacitorCordova
  - CapacitorCordova (6.0.0)

DEPENDENCIES:
  - BranchSDK (~> 3.4.3)
  - "Capacitor (from `../node_modules/@capacitor/ios`)"
  - "CapacitorCordova (from `../node_modules/@capacitor/ios`)"

SPEC REPOS:
  trunk:
    - BranchSDK

EXTERNAL SOURCES:
  Capacitor:
    :path: "../node_modules/@capacitor/ios"
  CapacitorCordova:
    :path: "../node_modules/@capacitor/ios"

SPEC CHECKSUMS:
  BranchSDK: 078e92df232a7cc0a8d900287d1e57057a2e2997
  Capacitor: 559d073c4ca6c27f8e7002c807eea94c3ba435a9
  CapacitorCordova: 8c4bfdf69368512e85b1d8b724dd7546abeb30af

PODFILE CHECKSUM: 9848c096c118889beda819a4d6984c25fcf3f9bc

COCOAPODS: 1.15.2
